https://github.com/korlibs/korge-box2d.git/korge-box2d#0.0.1 ::: 57951cb11dcdccf657d432fa840d6e07532507e8:fffff200fcf103f20ffef103f5f7090309f20bff01fbf0f6f1030d0ef909f202
https://github.com/korlibs/korge-box2d.git/korge-box2d#0.0.2 ::: 888a28de45cc72270bb02a43e09acc40f82d956c:030a0bf0fff10c03f80cfdf1f0fe05f50204f3f300fa05080b08f2f10c0c00f7
https://github.com/korlibs/korge-ext.git/korge-collision#0.0.2 ::: 143fcd75de1269d6425d51cd3d9a9b907c1d5c7a:0e04040402f304f1f5fdfa09fff9f40a0df106fcf1040bf903f30afef005f303
https://github.com/korlibs/korge-tiled.git/korge-tiled#0.0.1 ::: 734d96ccc18733064ef9fbda8ac359585011112d:0701f1f7fa0ffbf3f60506f4f90c06fb010b0e03fdf70c0b0afd02f5f8fbfbff
